{
  "nodes": {
    "GTFO": {
      "inputs": {
        "nixpkgs": "nixpkgs"
      },
      "locked": {
        "lastModified": 1721432295,
        "narHash": "sha256-gBxFudx0dXJnN1mBjFVZUCNE2CQdo90hQ72Fm7j2YiE=",
        "owner": "nickgirardo",
        "repo": "nix-GTFO",
        "rev": "e159f175b9ef3c2698f8c81a6843fac2fd3fcef0",
        "type": "github"
      },
      "original": {
        "owner": "nickgirardo",
        "repo": "nix-GTFO",
        "rev": "e159f175b9ef3c2698f8c81a6843fac2fd3fcef0",
        "type": "github"
      }
    },
    "GameTankEmulator": {
      "inputs": {
        "nixpkgs": "nixpkgs_2"
      },
      "locked": {
        "lastModified": 1723502297,
        "narHash": "sha256-kVjZy0nJhZqxPYdiSWm1E3RZHk8BmMstT4k3VvNlcOk=",
        "owner": "nickgirardo",
        "repo": "nix-GameTankEmulator",
        "rev": "743b7589f33b40f99b346d6604ca132da6666522",
        "type": "github"
      },
      "original": {
        "owner": "nickgirardo",
        "repo": "nix-GameTankEmulator",
        "rev": "743b7589f33b40f99b346d6604ca132da6666522",
        "type": "github"
      }
    },
    "cc65": {
      "inputs": {
        "nixpkgs": "nixpkgs_3"
      },
      "locked": {
        "lastModified": 1722992218,
        "narHash": "sha256-AYJN2OlG2qbKOqbhi7WH859REt1h2KDXAZ+LgbWDuqc=",
        "owner": "nickgirardo",
        "repo": "nix-cc65-unstable",
        "rev": "18b6c7417518c54bb95a2071782f2603d883edc9",
        "type": "github"
      },
      "original": {
        "owner": "nickgirardo",
        "repo": "nix-cc65-unstable",
        "rev": "18b6c7417518c54bb95a2071782f2603d883edc9",
        "type": "github"
      }
    },
    "gitignore": {
      "inputs": {
        "nixpkgs": [
          "nixpkgs"
        ]
      },
      "locked": {
        "lastModified": 1709087332,
        "narHash": "sha256-HG2cCnktfHsKV0s4XW83gU3F57gaTljL9KNSuG6bnQs=",
        "owner": "hercules-ci",
        "repo": "gitignore.nix",
        "rev": "637db329424fd7e46cf4185293b9cc8c88c95394",
        "type": "github"
      },
      "original": {
        "owner": "hercules-ci",
        "repo": "gitignore.nix",
        "type": "github"
      }
    },
    "nixpkgs": {
      "locked": {
        "lastModified": 1721162132,
        "narHash": "sha256-kH2unTqd/LlqG1NGbuUlRkDmXwCf80PNLNCjO3acQqI=",
        "owner": "nixos",
        "repo": "nixpkgs",
        "rev": "265595f550a572703d10a9db94a9ded793f21dfc",
        "type": "github"
      },
      "original": {
        "owner": "nixos",
        "ref": "release-24.05",
        "repo": "nixpkgs",
        "type": "github"
      }
    },
    "nixpkgs_2": {
      "locked": {
        "lastModified": 1721162132,
        "narHash": "sha256-kH2unTqd/LlqG1NGbuUlRkDmXwCf80PNLNCjO3acQqI=",
        "owner": "nixos",
        "repo": "nixpkgs",
        "rev": "265595f550a572703d10a9db94a9ded793f21dfc",
        "type": "github"
      },
      "original": {
        "owner": "nixos",
        "ref": "release-24.05",
        "repo": "nixpkgs",
        "type": "github"
      }
    },
    "nixpkgs_3": {
      "locked": {
        "lastModified": 1721322227,
        "narHash": "sha256-OLCPEFVcb7x9xLPDDRd0TDMVmVhdTnhX27WGFNDrcuk=",
        "owner": "nixos",
        "repo": "nixpkgs",
        "rev": "2a57b049d44d14b3cba98746e8b66ac0bc4c2963",
        "type": "github"
      },
      "original": {
        "owner": "nixos",
        "ref": "release-24.05",
        "repo": "nixpkgs",
        "type": "github"
      }
    },
    "nixpkgs_4": {
      "locked": {
        "lastModified": 1721329042,
        "narHash": "sha256-kUthEWmOYMRrfdukM0uqoiR6ClUIOy1n3AjYJ7X6eh8=",
        "owner": "nixos",
        "repo": "nixpkgs",
        "rev": "232edbd4b6d9fba4017359dc5f23765e94370c7c",
        "type": "github"
      },
      "original": {
        "owner": "nixos",
        "ref": "release-24.05",
        "repo": "nixpkgs",
        "type": "github"
      }
    },
    "root": {
      "inputs": {
        "GTFO": "GTFO",
        "GameTankEmulator": "GameTankEmulator",
        "cc65": "cc65",
        "gitignore": "gitignore",
        "nixpkgs": "nixpkgs_4"
      }
    }
  },
  "root": "root",
  "version": 7
}
